github.com/tjbdwanghaibo/roost-core v1.12.0 h1:cBW93B0gF1i0wTAc4fCdNtmkrYEStzWHsQ6WupI1PLU=
github.com/tjbdwanghaibo/roost-core v1.12.0/go.mod h1:IG/cSCMGVAJsWQpGet9hsi3RONTCfaBvyeFnmkjPjVY=
github.com/tjbdwanghaibo/roost-kit v1.12.0 h1:DuefuKjVXqnwqK/91AE+4gnaOFxogxlTD9nPd7S/HS0=
github.com/tjbdwanghaibo/roost-kit v1.12.0/go.mod h1:FvvWhB13lWNhYzBIt7tmJ87z9zisqz3ks9QHsWoiLMo=
