github.com/tjbdwanghaibo/cube-core v1.6.2 h1:h2C2c30BwpDiJGqJ9ng+qKTeH/wmaKzO3DgabSDXC8I=
github.com/tjbdwanghaibo/cube-core v1.6.2/go.mod h1:ZQ8kGbcHmg8ncu3ttObmEo6cMl7NTw7LDf/lU+fW3bc=
github.com/tjbdwanghaibo/cube-kit v1.6.1 h1:uqMOMtdMQjw9v0W0XAp8QuU4ViljE0B4D7Rl21srpIs=
github.com/tjbdwanghaibo/cube-kit v1.6.1/go.mod h1:1jbcVvH4qYZUdJIC9jpQP7HIhbkPqBostLS2timnSTg=
