github.com/tjbdwanghaibo/roost-core v1.10.0 h1:FM7N4gkw+3ZuOCg1ZDp7kcn14I2gtBrOKW6T90wid5Q=
github.com/tjbdwanghaibo/roost-core v1.10.0/go.mod h1:H2826BUpQnG2c9CpCuaRjNmvRI0JYrI6jzE2RUgY6qI=
github.com/tjbdwanghaibo/roost-kit v1.10.0 h1:+Rzbr0JuPvsuV55yCLtRnJedSQpUfJR9HtgCDegC3Io=
github.com/tjbdwanghaibo/roost-kit v1.10.0/go.mod h1:GHwYhBMjjQoBGZOMZ1hb8Vz2VkXzwxJ9QHcmP084fes=
